github.com/bep/gallerydeluxe v0.6.0 h1:HM32hGtRP93rRoSdlLne/IzjmJBIbtiuCkSbj/tBtho=
github.com/bep/gallerydeluxe v0.6.0/go.mod h1:sUfRcjREo6DwxPo0sMp0TAxNZiGreOY6DY2dWGpSeR8=
github.com/bep/gallerydeluxe v0.7.0 h1:X+HoxJQOmpi08Re7wJRk0QsrLbNKYIgAxupmQQ66xKc=
github.com/bep/gallerydeluxe v0.7.0/go.mod h1:sUfRcjREo6DwxPo0sMp0TAxNZiGreOY6DY2dWGpSeR8=
