github.com/bep/gallerydeluxe v0.6.0 h1:HM32hGtRP93rRoSdlLne/IzjmJBIbtiuCkSbj/tBtho=
github.com/bep/gallerydeluxe v0.6.0/go.mod h1:sUfRcjREo6DwxPo0sMp0TAxNZiGreOY6DY2dWGpSeR8=
github.com/bep/gallerydeluxe v0.7.0 h1:X+HoxJQOmpi08Re7wJRk0QsrLbNKYIgAxupmQQ66xKc=
github.com/bep/gallerydeluxe v0.7.0/go.mod h1:sUfRcjREo6DwxPo0sMp0TAxNZiGreOY6DY2dWGpSeR8=
github.com/bep/gallerydeluxe v0.8.1 h1:PD3x1GVebSrfAxHDsebt8Trc9aZmF+PA4mXw6l/bABo=
github.com/bep/gallerydeluxe v0.8.1/go.mod h1:sUfRcjREo6DwxPo0sMp0TAxNZiGreOY6DY2dWGpSeR8=
github.com/bep/gallerydeluxe v0.9.0 h1:l/FD9aUq78Yy/ltXF0CTAk3FwInCXXxIwCDKLNkoqjU=
github.com/bep/gallerydeluxe v0.9.0/go.mod h1:sUfRcjREo6DwxPo0sMp0TAxNZiGreOY6DY2dWGpSeR8=
github.com/bep/gallerydeluxe v0.9.1 h1:Ca78oSIglf4gPu7yopQ4M/fsqiPQLqvXNMT2xX3KYRQ=
github.com/bep/gallerydeluxe v0.9.1/go.mod h1:sUfRcjREo6DwxPo0sMp0TAxNZiGreOY6DY2dWGpSeR8=
github.com/bep/gallerydeluxe v0.9.2 h1:5dep3RdyiwUpMqzAjrwoKgM0O9y8fvR9J5QZk13/lZk=
github.com/bep/gallerydeluxe v0.9.2/go.mod h1:sUfRcjREo6DwxPo0sMp0TAxNZiGreOY6DY2dWGpSeR8=
